
Microsoft Visual Studio Solution File, Format Version 12.00
# Visual Studio Version 17
VisualStudioVersion = 17.2.32616.157
MinimumVisualStudioVersion = 10.0.40219.1
Project("{FAE04EC0-301F-11D3-BF4B-00C04F79EFBC}") = "CollectionsTestsuite", "CollectionsTestsuite.csproj", "{9544AAA2-5277-4FC0-ADAA-325C3E9C5FD2}"
EndProject
Global
	GlobalSection(SolutionConfigurationPlatforms) = preSolution
		Debug|Any CPU = Debug|Any CPU
		Release|Any CPU = Release|Any CPU
	EndGlobalSection
	GlobalSection(ProjectConfigurationPlatforms) = postSolution
		{9544AAA2-5277-4FC0-ADAA-325C3E9C5FD2}.Debug|Any CPU.ActiveCfg = Debug|Any CPU
		{9544AAA2-5277-4FC0-ADAA-325C3E9C5FD2}.Debug|Any CPU.Build.0 = Debug|Any CPU
		{9544AAA2-5277-4FC0-ADAA-325C3E9C5FD2}.Release|Any CPU.ActiveCfg = Release|Any CPU
		{9544AAA2-5277-4FC0-ADAA-325C3E9C5FD2}.Release|Any CPU.Build.0 = Release|Any CPU
	EndGlobalSection
	GlobalSection(SolutionProperties) = preSolution
		HideSolutionNode = FALSE
	EndGlobalSection
	GlobalSection(ExtensibilityGlobals) = postSolution
		SolutionGuid = {4EC62E26-6C40-498D-9EF0-20000867DAC7}
	EndGlobalSection
EndGlobal
